// !$*UTF8*$!
{
	archiveVersion = 1;
	classes = {
	};
	objectVersion = 46;
	objects = {

/* Begin PBXBuildFile section */
		C90C74A21CCE2596002A4B44 /* ClippingListViewController.swift in Sources */ = {isa = PBXBuildFile; fileRef = C90C74A11CCE2596002A4B44 /* ClippingListViewController.swift */; };
		C977847A1CD5A1FF00C3919D /* ClippingDetailViewController.swift in Sources */ = {isa = PBXBuildFile; fileRef = C97784791CD5A1FF00C3919D /* ClippingDetailViewController.swift */; };
		C977847C1CD5BABF00C3919D /* ClippingCell.swift in Sources */ = {isa = PBXBuildFile; fileRef = C977847B1CD5BABF00C3919D /* ClippingCell.swift */; };
		C97784801CD5CF8300C3919D /* ubuntu.png in Resources */ = {isa = PBXBuildFile; fileRef = C977847F1CD5CF8300C3919D /* ubuntu.png */; };
		C97784821CD6339300C3919D /* NewClippingView.swift in Sources */ = {isa = PBXBuildFile; fileRef = C97784811CD6339300C3919D /* NewClippingView.swift */; };
		C97C2ADF1CC49B350069AF4E /* AppDelegate.swift in Sources */ = {isa = PBXBuildFile; fileRef = C97C2ADE1CC49B350069AF4E /* AppDelegate.swift */; };
		C97C2AE41CC49B350069AF4E /* Main.storyboard in Resources */ = {isa = PBXBuildFile; fileRef = C97C2AE21CC49B350069AF4E /* Main.storyboard */; };
		C97C2AE71CC49B350069AF4E /* ass2.xcdatamodeld in Sources */ = {isa = PBXBuildFile; fileRef = C97C2AE51CC49B350069AF4E /* ass2.xcdatamodeld */; };
		C97C2AE91CC49B350069AF4E /* Assets.xcassets in Resources */ = {isa = PBXBuildFile; fileRef = C97C2AE81CC49B350069AF4E /* Assets.xcassets */; };
		C97C2AEC1CC49B350069AF4E /* LaunchScreen.storyboard in Resources */ = {isa = PBXBuildFile; fileRef = C97C2AEA1CC49B350069AF4E /* LaunchScreen.storyboard */; };
		C97C2AF41CC49C480069AF4E /* ScrapBookModel.swift in Sources */ = {isa = PBXBuildFile; fileRef = C97C2AF31CC49C480069AF4E /* ScrapBookModel.swift */; };
		C97C2B131CC5D2200069AF4E /* Collection+CoreDataProperties.swift in Sources */ = {isa = PBXBuildFile; fileRef = C97C2B0F1CC5D2200069AF4E /* Collection+CoreDataProperties.swift */; };
		C97C2B141CC5D2200069AF4E /* Collection.swift in Sources */ = {isa = PBXBuildFile; fileRef = C97C2B101CC5D2200069AF4E /* Collection.swift */; };
		C97C2B151CC5D2200069AF4E /* Clipping+CoreDataProperties.swift in Sources */ = {isa = PBXBuildFile; fileRef = C97C2B111CC5D2200069AF4E /* Clipping+CoreDataProperties.swift */; };
		C97C2B161CC5D2200069AF4E /* Clipping.swift in Sources */ = {isa = PBXBuildFile; fileRef = C97C2B121CC5D2200069AF4E /* Clipping.swift */; };
		C97C2B181CC5DA450069AF4E /* CollectionListViewController.swift in Sources */ = {isa = PBXBuildFile; fileRef = C97C2B171CC5DA450069AF4E /* CollectionListViewController.swift */; };
/* End PBXBuildFile section */

/* Begin PBXFileReference section */
		C90C74A11CCE2596002A4B44 /* ClippingListViewController.swift */ = {isa = PBXFileReference; fileEncoding = 4; lastKnownFileType = sourcecode.swift; path = ClippingListViewController.swift; sourceTree = "<group>"; };
		C97784791CD5A1FF00C3919D /* ClippingDetailViewController.swift */ = {isa = PBXFileReference; fileEncoding = 4; lastKnownFileType = sourcecode.swift; path = ClippingDetailViewController.swift; sourceTree = "<group>"; };
		C977847B1CD5BABF00C3919D /* ClippingCell.swift */ = {isa = PBXFileReference; fileEncoding = 4; lastKnownFileType = sourcecode.swift; path = ClippingCell.swift; sourceTree = "<group>"; };
		C977847F1CD5CF8300C3919D /* ubuntu.png */ = {isa = PBXFileReference; lastKnownFileType = image.png; path = ubuntu.png; sourceTree = "<group>"; };
		C97784811CD6339300C3919D /* NewClippingView.swift */ = {isa = PBXFileReference; fileEncoding = 4; lastKnownFileType = sourcecode.swift; path = NewClippingView.swift; sourceTree = "<group>"; };
		C97C2ADB1CC49B350069AF4E /* ass2.app */ = {isa = PBXFileReference; explicitFileType = wrapper.application; includeInIndex = 0; path = ass2.app; sourceTree = BUILT_PRODUCTS_DIR; };
		C97C2ADE1CC49B350069AF4E /* AppDelegate.swift */ = {isa = PBXFileReference; lastKnownFileType = sourcecode.swift; path = AppDelegate.swift; sourceTree = "<group>"; };
		C97C2AE31CC49B350069AF4E /* Base */ = {isa = PBXFileReference; lastKnownFileType = file.storyboard; name = Base; path = Base.lproj/Main.storyboard; sourceTree = "<group>"; };
		C97C2AE61CC49B350069AF4E /* ass2.xcdatamodel */ = {isa = PBXFileReference; lastKnownFileType = wrapper.xcdatamodel; path = ass2.xcdatamodel; sourceTree = "<group>"; };
		C97C2AE81CC49B350069AF4E /* Assets.xcassets */ = {isa = PBXFileReference; lastKnownFileType = folder.assetcatalog; path = Assets.xcassets; sourceTree = "<group>"; };
		C97C2AEB1CC49B350069AF4E /* Base */ = {isa = PBXFileReference; lastKnownFileType = file.storyboard; name = Base; path = Base.lproj/LaunchScreen.storyboard; sourceTree = "<group>"; };
		C97C2AED1CC49B350069AF4E /* Info.plist */ = {isa = PBXFileReference; lastKnownFileType = text.plist.xml; path = Info.plist; sourceTree = "<group>"; };
		C97C2AF31CC49C480069AF4E /* ScrapBookModel.swift */ = {isa = PBXFileReference; fileEncoding = 4; lastKnownFileType = sourcecode.swift; path = ScrapBookModel.swift; sourceTree = "<group>"; };
		C97C2B0F1CC5D2200069AF4E /* Collection+CoreDataProperties.swift */ = {isa = PBXFileReference; fileEncoding = 4; lastKnownFileType = sourcecode.swift; name = "Collection+CoreDataProperties.swift"; path = "../Collection+CoreDataProperties.swift"; sourceTree = "<group>"; };
		C97C2B101CC5D2200069AF4E /* Collection.swift */ = {isa = PBXFileReference; fileEncoding = 4; lastKnownFileType = sourcecode.swift; name = Collection.swift; path = ../Collection.swift; sourceTree = "<group>"; };
		C97C2B111CC5D2200069AF4E /* Clipping+CoreDataProperties.swift */ = {isa = PBXFileReference; fileEncoding = 4; lastKnownFileType = sourcecode.swift; name = "Clipping+CoreDataProperties.swift"; path = "../Clipping+CoreDataProperties.swift"; sourceTree = "<group>"; };
		C97C2B121CC5D2200069AF4E /* Clipping.swift */ = {isa = PBXFileReference; fileEncoding = 4; lastKnownFileType = sourcecode.swift; name = Clipping.swift; path = ../Clipping.swift; sourceTree = "<group>"; };
		C97C2B171CC5DA450069AF4E /* CollectionListViewController.swift */ = {isa = PBXFileReference; fileEncoding = 4; lastKnownFileType = sourcecode.swift; path = CollectionListViewController.swift; sourceTree = "<group>"; };
/* End PBXFileReference section */

/* Begin PBXFrameworksBuildPhase section */
		C97C2AD81CC49B350069AF4E /* Frameworks */ = {
			isa = PBXFrameworksBuildPhase;
			buildActionMask = 2147483647;
			files = (
			);
			runOnlyForDeploymentPostprocessing = 0;
		};
/* End PBXFrameworksBuildPhase section */

/* Begin PBXGroup section */
		C97C2AD21CC49B350069AF4E = {
			isa = PBXGroup;
			children = (
				C97C2ADD1CC49B350069AF4E /* ass2 */,
				C97C2ADC1CC49B350069AF4E /* Products */,
			);
			sourceTree = "<group>";
		};
		C97C2ADC1CC49B350069AF4E /* Products */ = {
			isa = PBXGroup;
			children = (
				C97C2ADB1CC49B350069AF4E /* ass2.app */,
			);
			name = Products;
			sourceTree = "<group>";
		};
		C97C2ADD1CC49B350069AF4E /* ass2 */ = {
			isa = PBXGroup;
			children = (
				C977847F1CD5CF8300C3919D /* ubuntu.png */,
				C97C2B0F1CC5D2200069AF4E /* Collection+CoreDataProperties.swift */,
				C97C2B101CC5D2200069AF4E /* Collection.swift */,
				C97C2B111CC5D2200069AF4E /* Clipping+CoreDataProperties.swift */,
				C97C2B121CC5D2200069AF4E /* Clipping.swift */,
				C97C2ADE1CC49B350069AF4E /* AppDelegate.swift */,
				C97C2B171CC5DA450069AF4E /* CollectionListViewController.swift */,
				C90C74A11CCE2596002A4B44 /* ClippingListViewController.swift */,
				C97784791CD5A1FF00C3919D /* ClippingDetailViewController.swift */,
				C97C2AF31CC49C480069AF4E /* ScrapBookModel.swift */,
				C97C2AE21CC49B350069AF4E /* Main.storyboard */,
				C97784811CD6339300C3919D /* NewClippingView.swift */,
				C977847B1CD5BABF00C3919D /* ClippingCell.swift */,
				C97C2AE81CC49B350069AF4E /* Assets.xcassets */,
				C97C2AEA1CC49B350069AF4E /* LaunchScreen.storyboard */,
				C97C2AED1CC49B350069AF4E /* Info.plist */,
				C97C2AE51CC49B350069AF4E /* ass2.xcdatamodeld */,
			);
			path = ass2;
			sourceTree = "<group>";
		};
/* End PBXGroup section */

/* Begin PBXNativeTarget section */
		C97C2ADA1CC49B350069AF4E /* ass2 */ = {
			isa = PBXNativeTarget;
			buildConfigurationList = C97C2AF01CC49B350069AF4E /* Build configuration list for PBXNativeTarget "ass2" */;
			buildPhases = (
				C97C2AD71CC49B350069AF4E /* Sources */,
				C97C2AD81CC49B350069AF4E /* Frameworks */,
				C97C2AD91CC49B350069AF4E /* Resources */,
			);
			buildRules = (
			);
			dependencies = (
			);
			name = ass2;
			productName = ass2;
			productReference = C97C2ADB1CC49B350069AF4E /* ass2.app */;
			productType = "com.apple.product-type.application";
		};
/* End PBXNativeTarget section */

/* Begin PBXProject section */
		C97C2AD31CC49B350069AF4E /* Project object */ = {
			isa = PBXProject;
			attributes = {
				LastSwiftUpdateCheck = 0730;
				LastUpgradeCheck = 0730;
				ORGANIZATIONNAME = "Matthew Saliba";
				TargetAttributes = {
					C97C2ADA1CC49B350069AF4E = {
						CreatedOnToolsVersion = 7.3;
					};
				};
			};
			buildConfigurationList = C97C2AD61CC49B350069AF4E /* Build configuration list for PBXProject "ass2" */;
			compatibilityVersion = "Xcode 3.2";
			developmentRegion = English;
			hasScannedForEncodings = 0;
			knownRegions = (
				en,
				Base,
			);
			mainGroup = C97C2AD21CC49B350069AF4E;
			productRefGroup = C97C2ADC1CC49B350069AF4E /* Products */;
			projectDirPath = "";
			projectRoot = "";
			targets = (
				C97C2ADA1CC49B350069AF4E /* ass2 */,
			);
		};
/* End PBXProject section */

/* Begin PBXResourcesBuildPhase section */
		C97C2AD91CC49B350069AF4E /* Resources */ = {
			isa = PBXResourcesBuildPhase;
			buildActionMask = 2147483647;
			files = (
				C97784801CD5CF8300C3919D /* ubuntu.png in Resources */,
				C97C2AEC1CC49B350069AF4E /* LaunchScreen.storyboard in Resources */,
				C97C2AE91CC49B350069AF4E /* Assets.xcassets in Resources */,
				C97C2AE41CC49B350069AF4E /* Main.storyboard in Resources */,
			);
			runOnlyForDeploymentPostprocessing = 0;
		};
/* End PBXResourcesBuildPhase section */

/* Begin PBXSourcesBuildPhase section */
		C97C2AD71CC49B350069AF4E /* Sources */ = {
			isa = PBXSourcesBuildPhase;
			buildActionMask = 2147483647;
			files = (
				C97C2AF41CC49C480069AF4E /* ScrapBookModel.swift in Sources */,
				C97C2B151CC5D2200069AF4E /* Clipping+CoreDataProperties.swift in Sources */,
				C90C74A21CCE2596002A4B44 /* ClippingListViewController.swift in Sources */,
				C97784821CD6339300C3919D /* NewClippingView.swift in Sources */,
				C97C2AE71CC49B350069AF4E /* ass2.xcdatamodeld in Sources */,
				C97C2B141CC5D2200069AF4E /* Collection.swift in Sources */,
				C97C2B181CC5DA450069AF4E /* CollectionListViewController.swift in Sources */,
				C97C2ADF1CC49B350069AF4E /* AppDelegate.swift in Sources */,
				C977847C1CD5BABF00C3919D /* ClippingCell.swift in Sources */,
				C977847A1CD5A1FF00C3919D /* ClippingDetailViewController.swift in Sources */,
				C97C2B131CC5D2200069AF4E /* Collection+CoreDataProperties.swift in Sources */,
				C97C2B161CC5D2200069AF4E /* Clipping.swift in Sources */,
			);
			runOnlyForDeploymentPostprocessing = 0;
		};
/* End PBXSourcesBuildPhase section */

/* Begin PBXVariantGroup section */
		C97C2AE21CC49B350069AF4E /* Main.storyboard */ = {
			isa = PBXVariantGroup;
			children = (
				C97C2AE31CC49B350069AF4E /* Base */,
			);
			name = Main.storyboard;
			sourceTree = "<group>";
		};
		C97C2AEA1CC49B350069AF4E /* LaunchScreen.storyboard */ = {
			isa = PBXVariantGroup;
			children = (
				C97C2AEB1CC49B350069AF4E /* Base */,
			);
			name = LaunchScreen.storyboard;
			sourceTree = "<group>";
		};
/* End PBXVariantGroup section */

/* Begin XCBuildConfiguration section */
		C97C2AEE1CC49B350069AF4E /* Debug */ = {
			isa = XCBuildConfiguration;
			buildSettings = {
				ALWAYS_SEARCH_USER_PATHS = NO;
				CLANG_ANALYZER_NONNULL = YES;
				CLANG_CXX_LANGUAGE_STANDARD = "gnu++0x";
				CLANG_CXX_LIBRARY = "libc++";
				CLANG_ENABLE_MODULES = YES;
				CLANG_ENABLE_OBJC_ARC = YES;
				CLANG_WARN_BOOL_CONVERSION = YES;
				CLANG_WARN_CONSTANT_CONVERSION = YES;
				CLANG_WARN_DIRECT_OBJC_ISA_USAGE = YES_ERROR;
				CLANG_WARN_EMPTY_BODY = YES;
				CLANG_WARN_ENUM_CONVERSION = YES;
				CLANG_WARN_INT_CONVERSION = YES;
				CLANG_WARN_OBJC_ROOT_CLASS = YES_ERROR;
				CLANG_WARN_UNREACHABLE_CODE = YES;
				CLANG_WARN__DUPLICATE_METHOD_MATCH = YES;
				"CODE_SIGN_IDENTITY[sdk=iphoneos*]" = "iPhone Developer";
				COPY_PHASE_STRIP = NO;
				DEBUG_INFORMATION_FORMAT = dwarf;
				ENABLE_STRICT_OBJC_MSGSEND = YES;
				ENABLE_TESTABILITY = YES;
				GCC_C_LANGUAGE_STANDARD = gnu99;
				GCC_DYNAMIC_NO_PIC = NO;
				GCC_NO_COMMON_BLOCKS = YES;
				GCC_OPTIMIZATION_LEVEL = 0;
				GCC_PREPROCESSOR_DEFINITIONS = (
					"DEBUG=1",
					"$(inherited)",
				);
				GCC_WARN_64_TO_32_BIT_CONVERSION = YES;
				GCC_WARN_ABOUT_RETURN_TYPE = YES_ERROR;
				GCC_WARN_UNDECLARED_SELECTOR = YES;
				GCC_WARN_UNINITIALIZED_AUTOS = YES_AGGRESSIVE;
				GCC_WARN_UNUSED_FUNCTION = YES;
				GCC_WARN_UNUSED_VARIABLE = YES;
				IPHONEOS_DEPLOYMENT_TARGET = 9.3;
				MTL_ENABLE_DEBUG_INFO = YES;
				ONLY_ACTIVE_ARCH = YES;
				SDKROOT = iphoneos;
				SWIFT_OPTIMIZATION_LEVEL = "-Onone";
				TARGETED_DEVICE_FAMILY = "1,2";
			};
			name = Debug;
		};
		C97C2AEF1CC49B350069AF4E /* Release */ = {
			isa = XCBuildConfiguration;
			buildSettings = {
				ALWAYS_SEARCH_USER_PATHS = NO;
				CLANG_ANALYZER_NONNULL = YES;
				CLANG_CXX_LANGUAGE_STANDARD = "gnu++0x";
				CLANG_CXX_LIBRARY = "libc++";
				CLANG_ENABLE_MODULES = YES;
				CLANG_ENABLE_OBJC_ARC = YES;
				CLANG_WARN_BOOL_CONVERSION = YES;
				CLANG_WARN_CONSTANT_CONVERSION = YES;
				CLANG_WARN_DIRECT_OBJC_ISA_USAGE = YES_ERROR;
				CLANG_WARN_EMPTY_BODY = YES;
				CLANG_WARN_ENUM_CONVERSION = YES;
				CLANG_WARN_INT_CONVERSION = YES;
				CLANG_WARN_OBJC_ROOT_CLASS = YES_ERROR;
				CLANG_WARN_UNREACHABLE_CODE = YES;
				CLANG_WARN__DUPLICATE_METHOD_MATCH = YES;
				"CODE_SIGN_IDENTITY[sdk=iphoneos*]" = "iPhone Developer";
				COPY_PHASE_STRIP = NO;
				DEBUG_INFORMATION_FORMAT = "dwarf-with-dsym";
				ENABLE_NS_ASSERTIONS = NO;
				ENABLE_STRICT_OBJC_MSGSEND = YES;
				GCC_C_LANGUAGE_STANDARD = gnu99;
				GCC_NO_COMMON_BLOCKS = YES;
				GCC_WARN_64_TO_32_BIT_CONVERSION = YES;
				GCC_WARN_ABOUT_RETURN_TYPE = YES_ERROR;
				GCC_WARN_UNDECLARED_SELECTOR = YES;
				GCC_WARN_UNINITIALIZED_AUTOS = YES_AGGRESSIVE;
				GCC_WARN_UNUSED_FUNCTION = YES;
				GCC_WARN_UNUSED_VARIABLE = YES;
				IPHONEOS_DEPLOYMENT_TARGET = 9.3;
				MTL_ENABLE_DEBUG_INFO = NO;
				SDKROOT = iphoneos;
				TARGETED_DEVICE_FAMILY = "1,2";
				VALIDATE_PRODUCT = YES;
			};
			name = Release;
		};
		C97C2AF11CC49B350069AF4E /* Debug */ = {
			isa = XCBuildConfiguration;
			buildSettings = {
				ASSETCATALOG_COMPILER_APPICON_NAME = AppIcon;
				INFOPLIST_FILE = ass2/Info.plist;
				LD_RUNPATH_SEARCH_PATHS = "$(inherited) @executable_path/Frameworks";
				PRODUCT_BUNDLE_IDENTIFIER = au.edu.au.ass2;
				PRODUCT_NAME = "$(TARGET_NAME)";
			};
			name = Debug;
		};
		C97C2AF21CC49B350069AF4E /* Release */ = {
			isa = XCBuildConfiguration;
			buildSettings = {
				ASSETCATALOG_COMPILER_APPICON_NAME = AppIcon;
				INFOPLIST_FILE = ass2/Info.plist;
				LD_RUNPATH_SEARCH_PATHS = "$(inherited) @executable_path/Frameworks";
				PRODUCT_BUNDLE_IDENTIFIER = au.edu.au.ass2;
				PRODUCT_NAME = "$(TARGET_NAME)";
			};
			name = Release;
		};
/* End XCBuildConfiguration section */

/* Begin XCConfigurationList section */
		C97C2AD61CC49B350069AF4E /* Build configuration list for PBXProject "ass2" */ = {
			isa = XCConfigurationList;
			buildConfigurations = (
				C97C2AEE1CC49B350069AF4E /* Debug */,
				C97C2AEF1CC49B350069AF4E /* Release */,
			);
			defaultConfigurationIsVisible = 0;
			defaultConfigurationName = Release;
		};
		C97C2AF01CC49B350069AF4E /* Build configuration list for PBXNativeTarget "ass2" */ = {
			isa = XCConfigurationList;
			buildConfigurations = (
				C97C2AF11CC49B350069AF4E /* Debug */,
				C97C2AF21CC49B350069AF4E /* Release */,
			);
			defaultConfigurationIsVisible = 0;
			defaultConfigurationName = Release;
		};
/* End XCConfigurationList section */

/* Begin XCVersionGroup section */
		C97C2AE51CC49B350069AF4E /* ass2.xcdatamodeld */ = {
			isa = XCVersionGroup;
			children = (
				C97C2AE61CC49B350069AF4E /* ass2.xcdatamodel */,
			);
			currentVersion = C97C2AE61CC49B350069AF4E /* ass2.xcdatamodel */;
			path = ass2.xcdatamodeld;
			sourceTree = "<group>";
			versionGroupType = wrapper.xcdatamodel;
		};
/* End XCVersionGroup section */
	};
	rootObject = C97C2AD31CC49B350069AF4E /* Project object */;
}
